{
  "nodes": {
    "darwin": {
      "inputs": {
        "nixpkgs": [
          "nixpkgs-unstable"
        ]
      },
      "locked": {
        "lastModified": 1666776005,
        "narHash": "sha256-HwSMF19PpczfqNHKcFsA6cF4PVbG00uUSdbq6q3j./reB5o=",
        "owner": "lnl7",
        "repo": "nix-darwin",
        "rev": "f6648ca0698d1611d7eadfa72b122252b833f86c",
        "type": "github"
      },
      "original": {
        "owner": "lnl7",
        "ref": "master",
        "repo": "nix-darwin",
        "type": "github"
      }
    },
    "flake-utils": {
      "locked": {
        "lastModified": 1659877975,
        "narHash": "sha256-zllb8aq3YO3h8B/U0/J1WBgAL8EX5yWf5pMj3G0NAmc=",
        "owner": "numtide",
        "repo": "flake-utils",
        "rev": "c0e246b9b83f637f4681389ecabcb2681b4f3af0",
        "type": "github"
      },
      "original": {
        "owner": "numtide",
        "repo": "flake-utils",
        "type": "github"
      }
    },
    "nixpkgs": {
      "locked": {
        "lastModified": 1666926733,
        "narHash": "sha256-+gYfOEnQVISPDRNoWm2VJD5OEuTUySt48RchLpvm61o=",
        "owner": "NixOS",
        "repo": "nixpkgs",
        "rev": "f44ba1be526c8da9e79a5759feca2365204003f6",
        "type": "github"
      },
      "original": {
        "owner": "NixOS",
        "ref": "nixpkgs-unstable",
        "repo": "nixpkgs",
        "type": "github"
      }
    },
    "nixpkgs-stable": {
      "locked": {
        "lastModified": 1666610816,
        "narHash": "sha256-q4F2VNe5bpxXOvp16DyLwE1SgNZMbNO29ZQJPIomedg=",
        "owner": "nixos",
        "repo": "nixpkgs",
        "rev": "6107f97012a0c134c5848125b5aa1b149b76d2c9",
        "type": "github"
      },
      "original": {
        "owner": "nixos",
        "ref": "nixpkgs-22.05-darwin",
        "repo": "nixpkgs",
        "type": "github"
      }
    },
    "nixpkgs-unstable": {
      "locked": {
        "lastModified": 1666926733,
        "narHash": "sha256-+gYfOEnQVISPDRNoWm2VJD5OEuTUySt48RchLpvm61o=",
        "owner": "NixOS",
        "repo": "nixpkgs",
        "rev": "f44ba1be526c8da9e79a5759feca2365204003f6",
        "type": "github"
      },
      "original": {
        "owner": "NixOS",
        "ref": "nixpkgs-unstable",
        "repo": "nixpkgs",
        "type": "github"
      }
    },
    "root": {
      "inputs": {
        "darwin": "darwin",
        "flake-utils": "flake-utils",
        "nixpkgs": "nixpkgs",
        "nixpkgs-stable": "nixpkgs-stable",
        "nixpkgs-unstable": "nixpkgs-unstable"
      }
    }
  },
  "root": "root",
  "version": 7
}
